
Microsoft Visual Studio Solution File, Format Version 12.00
# Visual Studio Version 17
VisualStudioVersion = 17.5.33516.290
MinimumVisualStudioVersion = 10.0.40219.1
Project("{FAE04EC0-301F-11D3-BF4B-00C04F79EFBC}") = "EntitySihirbaz", "EntitySihirbaz\EntitySihirbaz.csproj", "{EE5E6B71-819C-4105-B8AA-C0EA0922172E}"
EndProject
Global
	GlobalSection(SolutionConfigurationPlatforms) = preSolution
		Debug|Any CPU = Debug|Any CPU
		Release|Any CPU = Release|Any CPU
	EndGlobalSection
	GlobalSection(ProjectConfigurationPlatforms) = postSolution
		{EE5E6B71-819C-4105-B8AA-C0EA0922172E}.Debug|Any CPU.ActiveCfg = Debug|Any CPU
		{EE5E6B71-819C-4105-B8AA-C0EA0922172E}.Debug|Any CPU.Build.0 = Debug|Any CPU
		{EE5E6B71-819C-4105-B8AA-C0EA0922172E}.Release|Any CPU.ActiveCfg = Release|Any CPU
		{EE5E6B71-819C-4105-B8AA-C0EA0922172E}.Release|Any CPU.Build.0 = Release|Any CPU
	EndGlobalSection
	GlobalSection(SolutionProperties) = preSolution
		HideSolutionNode = FALSE
	EndGlobalSection
	GlobalSection(ExtensibilityGlobals) = postSolution
		SolutionGuid = {45A91C4A-D4C4-42F2-BDA4-1DB9B7C35948}
	EndGlobalSection
EndGlobal
